
Microsoft Visual Studio Solution File, Format Version 12.00
# Visual Studio Version 16
VisualStudioVersion = 16.0.32901.82
MinimumVisualStudioVersion = 10.0.40219.1
Project("{FAE04EC0-301F-11D3-BF4B-00C04F79EFBC}") = "Inheritance_Sadler_Madison", "Inheritance_Sadler_Madison\Inheritance_Sadler_Madison.csproj", "{6BCDFC49-28A6-4F9B-9E0F-A7FB90744852}"
EndProject
Global
	GlobalSection(SolutionConfigurationPlatforms) = preSolution
		Debug|Any CPU = Debug|Any CPU
		Release|Any CPU = Release|Any CPU
	EndGlobalSection
	GlobalSection(ProjectConfigurationPlatforms) = postSolution
		{6BCDFC49-28A6-4F9B-9E0F-A7FB90744852}.Debug|Any CPU.ActiveCfg = Debug|Any CPU
		{6BCDFC49-28A6-4F9B-9E0F-A7FB90744852}.Debug|Any CPU.Build.0 = Debug|Any CPU
		{6BCDFC49-28A6-4F9B-9E0F-A7FB90744852}.Release|Any CPU.ActiveCfg = Release|Any CPU
		{6BCDFC49-28A6-4F9B-9E0F-A7FB90744852}.Release|Any CPU.Build.0 = Release|Any CPU
	EndGlobalSection
	GlobalSection(SolutionProperties) = preSolution
		HideSolutionNode = FALSE
	EndGlobalSection
	GlobalSection(ExtensibilityGlobals) = postSolution
		SolutionGuid = {E4E02A0A-280E-4931-A773-96B589DA6D63}
	EndGlobalSection
EndGlobal
